
Microsoft Visual Studio Solution File, Format Version 12.00
# Visual Studio Version 16
VisualStudioVersion = 16.0.31313.79
MinimumVisualStudioVersion = 10.0.40219.1
Project("{FAE04EC0-301F-11D3-BF4B-00C04F79EFBC}") = "IoniCRM", "IoniCRM\IoniCRM.csproj", "{75902FA3-D89C-495D-BFE9-D63E8561DADA}"
EndProject
Global
	GlobalSection(SolutionConfigurationPlatforms) = preSolution
		Debug|Any CPU = Debug|Any CPU
		Release|Any CPU = Release|Any CPU
	EndGlobalSection
	GlobalSection(ProjectConfigurationPlatforms) = postSolution
		{75902FA3-D89C-495D-BFE9-D63E8561DADA}.Debug|Any CPU.ActiveCfg = Debug|Any CPU
		{75902FA3-D89C-495D-BFE9-D63E8561DADA}.Debug|Any CPU.Build.0 = Debug|Any CPU
		{75902FA3-D89C-495D-BFE9-D63E8561DADA}.Release|Any CPU.ActiveCfg = Release|Any CPU
		{75902FA3-D89C-495D-BFE9-D63E8561DADA}.Release|Any CPU.Build.0 = Release|Any CPU
	EndGlobalSection
	GlobalSection(SolutionProperties) = preSolution
		HideSolutionNode = FALSE
	EndGlobalSection
	GlobalSection(ExtensibilityGlobals) = postSolution
		SolutionGuid = {38F5BFAB-B65B-42A9-A38D-86A78A8AD6CD}
	EndGlobalSection
EndGlobal
